
Microsoft Visual Studio Solution File, Format Version 12.00
# Visual Studio Version 17
VisualStudioVersion = 17.0.31903.59
MinimumVisualStudioVersion = 10.0.40219.1
Project("{2150E333-8FDC-42A3-9474-1A3956D46DE8}") = "src", "src", "{827E0CD3-B72D-47B6-A68D-7590B98EB39B}"
EndProject
Project("{2150E333-8FDC-42A3-9474-1A3956D46DE8}") = "Inventories", "Inventories", "{380029DA-00EF-94D3-77BC-B2729CF5AAD7}"
EndProject
Project("{FAE04EC0-301F-11D3-BF4B-00C04F79EFBC}") = "Inventories.Api", "src\Inventories\Inventories.Api\Inventories.Api.csproj", "{1AB1AFFE-8BA1-4F3D-B9AF-11B160D09370}"
EndProject
Project("{FAE04EC0-301F-11D3-BF4B-00C04F79EFBC}") = "Inventories.Infrastructure", "src\Inventories\Inventories.Infrastructure\Inventories.Infrastructure.csproj", "{DBFA8D29-83B0-4951-9BAD-0AB42C77D92D}"
EndProject
Project("{FAE04EC0-301F-11D3-BF4B-00C04F79EFBC}") = "Inventories.Application", "src\Inventories\Inventories.Application\Inventories.Application.csproj", "{8D950114-11CF-4CCC-B9B3-50351E0D8767}"
EndProject
Project("{FAE04EC0-301F-11D3-BF4B-00C04F79EFBC}") = "Inventories.Domain", "src\Inventories\Inventories.Domain\Inventories.Domain.csproj", "{05E6E2C2-923F-4A92-9339-FE5421D3AD9A}"
EndProject
Project("{FAE04EC0-301F-11D3-BF4B-00C04F79EFBC}") = "Inventories.Contracts", "src\Inventories\Inventories.Contracts\Inventories.Contracts.csproj", "{20456F84-CFC1-41DB-9EF2-D27E27EC07CD}"
EndProject
Project("{2150E333-8FDC-42A3-9474-1A3956D46DE8}") = "Products", "Products", "{5B7800DA-4F27-D549-7B13-D06F33AE47BF}"
EndProject
Project("{FAE04EC0-301F-11D3-BF4B-00C04F79EFBC}") = "Products.Api", "src\Products\Products.Api\Products.Api.csproj", "{F33E7A92-2B10-4216-83B2-C74654B9696C}"
EndProject
Project("{FAE04EC0-301F-11D3-BF4B-00C04F79EFBC}") = "Products.Application", "src\Products\Products.Application\Products.Application.csproj", "{711EDB6F-5B8F-4670-87C2-0E7C11095170}"
EndProject
Project("{FAE04EC0-301F-11D3-BF4B-00C04F79EFBC}") = "Products.Domain", "src\Products\Products.Domain\Products.Domain.csproj", "{7E2F462B-9DFA-4BBB-A9F2-B4308558750A}"
EndProject
Project("{FAE04EC0-301F-11D3-BF4B-00C04F79EFBC}") = "Products.Infrastructure", "src\Products\Products.Infrastructure\Products.Infrastructure.csproj", "{542CD034-535F-4455-80C1-59A99DFB3663}"
EndProject
Project("{FAE04EC0-301F-11D3-BF4B-00C04F79EFBC}") = "Products.Contracts", "src\Products\Products.Contracts\Products.Contracts.csproj", "{7236E7DC-8980-40C3-B51A-D446053095BC}"
EndProject
Project("{2150E333-8FDC-42A3-9474-1A3956D46DE8}") = "Users", "Users", "{8D35EFEC-78C4-8934-F699-CDC21DCDF895}"
EndProject
Project("{FAE04EC0-301F-11D3-BF4B-00C04F79EFBC}") = "Users.Api", "src\Users\Users.Api\Users.Api.csproj", "{91B385F4-4B98-4A5A-BE58-50B69BF7D22C}"
EndProject
Project("{FAE04EC0-301F-11D3-BF4B-00C04F79EFBC}") = "Users.Application", "src\Users\Users.Application\Users.Application.csproj", "{F576A095-14CE-455F-A51B-EE0F4642EED9}"
EndProject
Project("{FAE04EC0-301F-11D3-BF4B-00C04F79EFBC}") = "Users.Domain", "src\Users\Users.Domain\Users.Domain.csproj", "{180B522B-1EEF-402D-89DA-B89ED8638C11}"
EndProject
Project("{FAE04EC0-301F-11D3-BF4B-00C04F79EFBC}") = "Users.Infrastructure", "src\Users\Users.Infrastructure\Users.Infrastructure.csproj", "{2D742E63-937E-4398-B64A-025F7E5F6A7F}"
EndProject
Project("{FAE04EC0-301F-11D3-BF4B-00C04F79EFBC}") = "Users.Contracts", "src\Users\Users.Contracts\Users.Contracts.csproj", "{BAFB7EAE-1980-4D2D-B524-F1E2276C091D}"
EndProject
Project("{2150E333-8FDC-42A3-9474-1A3956D46DE8}") = "tests", "tests", "{0AB3BF05-4346-4AA6-1389-037BE0695223}"
EndProject
Project("{2150E333-8FDC-42A3-9474-1A3956D46DE8}") = "UnitTests", "UnitTests", "{394A81D9-3C45-9818-BB26-23F2B85056FF}"
EndProject
Project("{2150E333-8FDC-42A3-9474-1A3956D46DE8}") = "Inventories", "Inventories", "{741370D9-2E7F-1830-5789-49ED45D9F7CA}"
EndProject
Project("{FAE04EC0-301F-11D3-BF4B-00C04F79EFBC}") = "Inventories.Application.UnitTests", "tests\UnitTests\Inventories\Inventories.Application.UnitTests\Inventories.Application.UnitTests.csproj", "{25016D5F-711C-4969-9BD9-C1279AC252CE}"
EndProject
Project("{2150E333-8FDC-42A3-9474-1A3956D46DE8}") = "Products", "Products", "{1A19C1DE-3FAE-22B4-DD2C-C1731015F63D}"
EndProject
Project("{FAE04EC0-301F-11D3-BF4B-00C04F79EFBC}") = "Products.Application.UnitTests", "tests\UnitTests\Products\Products.Application.UnitTests\Products.Application.UnitTests.csproj", "{AAD62EB6-7652-45EF-8A33-DA587D0CD8C1}"
EndProject
Project("{FAE04EC0-301F-11D3-BF4B-00C04F79EFBC}") = "Products.Infrastructure.UnitTests", "tests\UnitTests\Products\Products.Infrastructure.UnitTests\Products.Infrastructure.UnitTests.csproj", "{FB54D0FC-4784-4F1F-A7D2-F658ED1A68BC}"
EndProject
Project("{2150E333-8FDC-42A3-9474-1A3956D46DE8}") = "Users", "Users", "{D96E2E9A-022C-CA06-F493-FB26D64F63BC}"
EndProject
Project("{FAE04EC0-301F-11D3-BF4B-00C04F79EFBC}") = "Users.Application.UnitTests", "tests\UnitTests\Users\Users.Application.UnitTests\Users.Application.UnitTests.csproj", "{718C466C-BDCF-4CBB-9666-6997BBA3F3E8}"
EndProject
Global
	GlobalSection(SolutionConfigurationPlatforms) = preSolution
		Debug|Any CPU = Debug|Any CPU
		Debug|x64 = Debug|x64
		Debug|x86 = Debug|x86
		Release|Any CPU = Release|Any CPU
		Release|x64 = Release|x64
		Release|x86 = Release|x86
	EndGlobalSection
	GlobalSection(ProjectConfigurationPlatforms) = postSolution
		{1AB1AFFE-8BA1-4F3D-B9AF-11B160D09370}.Debug|Any CPU.ActiveCfg = Debug|Any CPU
		{1AB1AFFE-8BA1-4F3D-B9AF-11B160D09370}.Debug|Any CPU.Build.0 = Debug|Any CPU
		{1AB1AFFE-8BA1-4F3D-B9AF-11B160D09370}.Debug|x64.ActiveCfg = Debug|Any CPU
		{1AB1AFFE-8BA1-4F3D-B9AF-11B160D09370}.Debug|x64.Build.0 = Debug|Any CPU
		{1AB1AFFE-8BA1-4F3D-B9AF-11B160D09370}.Debug|x86.ActiveCfg = Debug|Any CPU
		{1AB1AFFE-8BA1-4F3D-B9AF-11B160D09370}.Debug|x86.Build.0 = Debug|Any CPU
		{1AB1AFFE-8BA1-4F3D-B9AF-11B160D09370}.Release|Any CPU.ActiveCfg = Release|Any CPU
		{1AB1AFFE-8BA1-4F3D-B9AF-11B160D09370}.Release|Any CPU.Build.0 = Release|Any CPU
		{1AB1AFFE-8BA1-4F3D-B9AF-11B160D09370}.Release|x64.ActiveCfg = Release|Any CPU
		{1AB1AFFE-8BA1-4F3D-B9AF-11B160D09370}.Release|x64.Build.0 = Release|Any CPU
		{1AB1AFFE-8BA1-4F3D-B9AF-11B160D09370}.Release|x86.ActiveCfg = Release|Any CPU
		{1AB1AFFE-8BA1-4F3D-B9AF-11B160D09370}.Release|x86.Build.0 = Release|Any CPU
		{DBFA8D29-83B0-4951-9BAD-0AB42C77D92D}.Debug|Any CPU.ActiveCfg = Debug|Any CPU
		{DBFA8D29-83B0-4951-9BAD-0AB42C77D92D}.Debug|Any CPU.Build.0 = Debug|Any CPU
		{DBFA8D29-83B0-4951-9BAD-0AB42C77D92D}.Debug|x64.ActiveCfg = Debug|Any CPU
		{DBFA8D29-83B0-4951-9BAD-0AB42C77D92D}.Debug|x64.Build.0 = Debug|Any CPU
		{DBFA8D29-83B0-4951-9BAD-0AB42C77D92D}.Debug|x86.ActiveCfg = Debug|Any CPU
		{DBFA8D29-83B0-4951-9BAD-0AB42C77D92D}.Debug|x86.Build.0 = Debug|Any CPU
		{DBFA8D29-83B0-4951-9BAD-0AB42C77D92D}.Release|Any CPU.ActiveCfg = Release|Any CPU
		{DBFA8D29-83B0-4951-9BAD-0AB42C77D92D}.Release|Any CPU.Build.0 = Release|Any CPU
		{DBFA8D29-83B0-4951-9BAD-0AB42C77D92D}.Release|x64.ActiveCfg = Release|Any CPU
		{DBFA8D29-83B0-4951-9BAD-0AB42C77D92D}.Release|x64.Build.0 = Release|Any CPU
		{DBFA8D29-83B0-4951-9BAD-0AB42C77D92D}.Release|x86.ActiveCfg = Release|Any CPU
		{DBFA8D29-83B0-4951-9BAD-0AB42C77D92D}.Release|x86.Build.0 = Release|Any CPU
		{8D950114-11CF-4CCC-B9B3-50351E0D8767}.Debug|Any CPU.ActiveCfg = Debug|Any CPU
		{8D950114-11CF-4CCC-B9B3-50351E0D8767}.Debug|Any CPU.Build.0 = Debug|Any CPU
		{8D950114-11CF-4CCC-B9B3-50351E0D8767}.Debug|x64.ActiveCfg = Debug|Any CPU
		{8D950114-11CF-4CCC-B9B3-50351E0D8767}.Debug|x64.Build.0 = Debug|Any CPU
		{8D950114-11CF-4CCC-B9B3-50351E0D8767}.Debug|x86.ActiveCfg = Debug|Any CPU
		{8D950114-11CF-4CCC-B9B3-50351E0D8767}.Debug|x86.Build.0 = Debug|Any CPU
		{8D950114-11CF-4CCC-B9B3-50351E0D8767}.Release|Any CPU.ActiveCfg = Release|Any CPU
		{8D950114-11CF-4CCC-B9B3-50351E0D8767}.Release|Any CPU.Build.0 = Release|Any CPU
		{8D950114-11CF-4CCC-B9B3-50351E0D8767}.Release|x64.ActiveCfg = Release|Any CPU
		{8D950114-11CF-4CCC-B9B3-50351E0D8767}.Release|x64.Build.0 = Release|Any CPU
		{8D950114-11CF-4CCC-B9B3-50351E0D8767}.Release|x86.ActiveCfg = Release|Any CPU
		{8D950114-11CF-4CCC-B9B3-50351E0D8767}.Release|x86.Build.0 = Release|Any CPU
		{05E6E2C2-923F-4A92-9339-FE5421D3AD9A}.Debug|Any CPU.ActiveCfg = Debug|Any CPU
		{05E6E2C2-923F-4A92-9339-FE5421D3AD9A}.Debug|Any CPU.Build.0 = Debug|Any CPU
		{05E6E2C2-923F-4A92-9339-FE5421D3AD9A}.Debug|x64.ActiveCfg = Debug|Any CPU
		{05E6E2C2-923F-4A92-9339-FE5421D3AD9A}.Debug|x64.Build.0 = Debug|Any CPU
		{05E6E2C2-923F-4A92-9339-FE5421D3AD9A}.Debug|x86.ActiveCfg = Debug|Any CPU
		{05E6E2C2-923F-4A92-9339-FE5421D3AD9A}.Debug|x86.Build.0 = Debug|Any CPU
		{05E6E2C2-923F-4A92-9339-FE5421D3AD9A}.Release|Any CPU.ActiveCfg = Release|Any CPU
		{05E6E2C2-923F-4A92-9339-FE5421D3AD9A}.Release|Any CPU.Build.0 = Release|Any CPU
		{05E6E2C2-923F-4A92-9339-FE5421D3AD9A}.Release|x64.ActiveCfg = Release|Any CPU
		{05E6E2C2-923F-4A92-9339-FE5421D3AD9A}.Release|x64.Build.0 = Release|Any CPU
		{05E6E2C2-923F-4A92-9339-FE5421D3AD9A}.Release|x86.ActiveCfg = Release|Any CPU
		{05E6E2C2-923F-4A92-9339-FE5421D3AD9A}.Release|x86.Build.0 = Release|Any CPU
		{20456F84-CFC1-41DB-9EF2-D27E27EC07CD}.Debug|Any CPU.ActiveCfg = Debug|Any CPU
		{20456F84-CFC1-41DB-9EF2-D27E27EC07CD}.Debug|Any CPU.Build.0 = Debug|Any CPU
		{20456F84-CFC1-41DB-9EF2-D27E27EC07CD}.Debug|x64.ActiveCfg = Debug|Any CPU
		{20456F84-CFC1-41DB-9EF2-D27E27EC07CD}.Debug|x64.Build.0 = Debug|Any CPU
		{20456F84-CFC1-41DB-9EF2-D27E27EC07CD}.Debug|x86.ActiveCfg = Debug|Any CPU
		{20456F84-CFC1-41DB-9EF2-D27E27EC07CD}.Debug|x86.Build.0 = Debug|Any CPU
		{20456F84-CFC1-41DB-9EF2-D27E27EC07CD}.Release|Any CPU.ActiveCfg = Release|Any CPU
		{20456F84-CFC1-41DB-9EF2-D27E27EC07CD}.Release|Any CPU.Build.0 = Release|Any CPU
		{20456F84-CFC1-41DB-9EF2-D27E27EC07CD}.Release|x64.ActiveCfg = Release|Any CPU
		{20456F84-CFC1-41DB-9EF2-D27E27EC07CD}.Release|x64.Build.0 = Release|Any CPU
		{20456F84-CFC1-41DB-9EF2-D27E27EC07CD}.Release|x86.ActiveCfg = Release|Any CPU
		{20456F84-CFC1-41DB-9EF2-D27E27EC07CD}.Release|x86.Build.0 = Release|Any CPU
		{F33E7A92-2B10-4216-83B2-C74654B9696C}.Debug|Any CPU.ActiveCfg = Debug|Any CPU
		{F33E7A92-2B10-4216-83B2-C74654B9696C}.Debug|Any CPU.Build.0 = Debug|Any CPU
		{F33E7A92-2B10-4216-83B2-C74654B9696C}.Debug|x64.ActiveCfg = Debug|Any CPU
		{F33E7A92-2B10-4216-83B2-C74654B9696C}.Debug|x64.Build.0 = Debug|Any CPU
		{F33E7A92-2B10-4216-83B2-C74654B9696C}.Debug|x86.ActiveCfg = Debug|Any CPU
		{F33E7A92-2B10-4216-83B2-C74654B9696C}.Debug|x86.Build.0 = Debug|Any CPU
		{F33E7A92-2B10-4216-83B2-C74654B9696C}.Release|Any CPU.ActiveCfg = Release|Any CPU
		{F33E7A92-2B10-4216-83B2-C74654B9696C}.Release|Any CPU.Build.0 = Release|Any CPU
		{F33E7A92-2B10-4216-83B2-C74654B9696C}.Release|x64.ActiveCfg = Release|Any CPU
		{F33E7A92-2B10-4216-83B2-C74654B9696C}.Release|x64.Build.0 = Release|Any CPU
		{F33E7A92-2B10-4216-83B2-C74654B9696C}.Release|x86.ActiveCfg = Release|Any CPU
		{F33E7A92-2B10-4216-83B2-C74654B9696C}.Release|x86.Build.0 = Release|Any CPU
		{711EDB6F-5B8F-4670-87C2-0E7C11095170}.Debug|Any CPU.ActiveCfg = Debug|Any CPU
		{711EDB6F-5B8F-4670-87C2-0E7C11095170}.Debug|Any CPU.Build.0 = Debug|Any CPU
		{711EDB6F-5B8F-4670-87C2-0E7C11095170}.Debug|x64.ActiveCfg = Debug|Any CPU
		{711EDB6F-5B8F-4670-87C2-0E7C11095170}.Debug|x64.Build.0 = Debug|Any CPU
		{711EDB6F-5B8F-4670-87C2-0E7C11095170}.Debug|x86.ActiveCfg = Debug|Any CPU
		{711EDB6F-5B8F-4670-87C2-0E7C11095170}.Debug|x86.Build.0 = Debug|Any CPU
		{711EDB6F-5B8F-4670-87C2-0E7C11095170}.Release|Any CPU.ActiveCfg = Release|Any CPU
		{711EDB6F-5B8F-4670-87C2-0E7C11095170}.Release|Any CPU.Build.0 = Release|Any CPU
		{711EDB6F-5B8F-4670-87C2-0E7C11095170}.Release|x64.ActiveCfg = Release|Any CPU
		{711EDB6F-5B8F-4670-87C2-0E7C11095170}.Release|x64.Build.0 = Release|Any CPU
		{711EDB6F-5B8F-4670-87C2-0E7C11095170}.Release|x86.ActiveCfg = Release|Any CPU
		{711EDB6F-5B8F-4670-87C2-0E7C11095170}.Release|x86.Build.0 = Release|Any CPU
		{7E2F462B-9DFA-4BBB-A9F2-B4308558750A}.Debug|Any CPU.ActiveCfg = Debug|Any CPU
		{7E2F462B-9DFA-4BBB-A9F2-B4308558750A}.Debug|Any CPU.Build.0 = Debug|Any CPU
		{7E2F462B-9DFA-4BBB-A9F2-B4308558750A}.Debug|x64.ActiveCfg = Debug|Any CPU
		{7E2F462B-9DFA-4BBB-A9F2-B4308558750A}.Debug|x64.Build.0 = Debug|Any CPU
		{7E2F462B-9DFA-4BBB-A9F2-B4308558750A}.Debug|x86.ActiveCfg = Debug|Any CPU
		{7E2F462B-9DFA-4BBB-A9F2-B4308558750A}.Debug|x86.Build.0 = Debug|Any CPU
		{7E2F462B-9DFA-4BBB-A9F2-B4308558750A}.Release|Any CPU.ActiveCfg = Release|Any CPU
		{7E2F462B-9DFA-4BBB-A9F2-B4308558750A}.Release|Any CPU.Build.0 = Release|Any CPU
		{7E2F462B-9DFA-4BBB-A9F2-B4308558750A}.Release|x64.ActiveCfg = Release|Any CPU
		{7E2F462B-9DFA-4BBB-A9F2-B4308558750A}.Release|x64.Build.0 = Release|Any CPU
		{7E2F462B-9DFA-4BBB-A9F2-B4308558750A}.Release|x86.ActiveCfg = Release|Any CPU
		{7E2F462B-9DFA-4BBB-A9F2-B4308558750A}.Release|x86.Build.0 = Release|Any CPU
		{542CD034-535F-4455-80C1-59A99DFB3663}.Debug|Any CPU.ActiveCfg = Debug|Any CPU
		{542CD034-535F-4455-80C1-59A99DFB3663}.Debug|Any CPU.Build.0 = Debug|Any CPU
		{542CD034-535F-4455-80C1-59A99DFB3663}.Debug|x64.ActiveCfg = Debug|Any CPU
		{542CD034-535F-4455-80C1-59A99DFB3663}.Debug|x64.Build.0 = Debug|Any CPU
		{542CD034-535F-4455-80C1-59A99DFB3663}.Debug|x86.ActiveCfg = Debug|Any CPU
		{542CD034-535F-4455-80C1-59A99DFB3663}.Debug|x86.Build.0 = Debug|Any CPU
		{542CD034-535F-4455-80C1-59A99DFB3663}.Release|Any CPU.ActiveCfg = Release|Any CPU
		{542CD034-535F-4455-80C1-59A99DFB3663}.Release|Any CPU.Build.0 = Release|Any CPU
		{542CD034-535F-4455-80C1-59A99DFB3663}.Release|x64.ActiveCfg = Release|Any CPU
		{542CD034-535F-4455-80C1-59A99DFB3663}.Release|x64.Build.0 = Release|Any CPU
		{542CD034-535F-4455-80C1-59A99DFB3663}.Release|x86.ActiveCfg = Release|Any CPU
		{542CD034-535F-4455-80C1-59A99DFB3663}.Release|x86.Build.0 = Release|Any CPU
		{7236E7DC-8980-40C3-B51A-D446053095BC}.Debug|Any CPU.ActiveCfg = Debug|Any CPU
		{7236E7DC-8980-40C3-B51A-D446053095BC}.Debug|Any CPU.Build.0 = Debug|Any CPU
		{7236E7DC-8980-40C3-B51A-D446053095BC}.Debug|x64.ActiveCfg = Debug|Any CPU
		{7236E7DC-8980-40C3-B51A-D446053095BC}.Debug|x64.Build.0 = Debug|Any CPU
		{7236E7DC-8980-40C3-B51A-D446053095BC}.Debug|x86.ActiveCfg = Debug|Any CPU
		{7236E7DC-8980-40C3-B51A-D446053095BC}.Debug|x86.Build.0 = Debug|Any CPU
		{7236E7DC-8980-40C3-B51A-D446053095BC}.Release|Any CPU.ActiveCfg = Release|Any CPU
		{7236E7DC-8980-40C3-B51A-D446053095BC}.Release|Any CPU.Build.0 = Release|Any CPU
		{7236E7DC-8980-40C3-B51A-D446053095BC}.Release|x64.ActiveCfg = Release|Any CPU
		{7236E7DC-8980-40C3-B51A-D446053095BC}.Release|x64.Build.0 = Release|Any CPU
		{7236E7DC-8980-40C3-B51A-D446053095BC}.Release|x86.ActiveCfg = Release|Any CPU
		{7236E7DC-8980-40C3-B51A-D446053095BC}.Release|x86.Build.0 = Release|Any CPU
		{91B385F4-4B98-4A5A-BE58-50B69BF7D22C}.Debug|Any CPU.ActiveCfg = Debug|Any CPU
		{91B385F4-4B98-4A5A-BE58-50B69BF7D22C}.Debug|Any CPU.Build.0 = Debug|Any CPU
		{91B385F4-4B98-4A5A-BE58-50B69BF7D22C}.Debug|x64.ActiveCfg = Debug|Any CPU
		{91B385F4-4B98-4A5A-BE58-50B69BF7D22C}.Debug|x64.Build.0 = Debug|Any CPU
		{91B385F4-4B98-4A5A-BE58-50B69BF7D22C}.Debug|x86.ActiveCfg = Debug|Any CPU
		{91B385F4-4B98-4A5A-BE58-50B69BF7D22C}.Debug|x86.Build.0 = Debug|Any CPU
		{91B385F4-4B98-4A5A-BE58-50B69BF7D22C}.Release|Any CPU.ActiveCfg = Release|Any CPU
		{91B385F4-4B98-4A5A-BE58-50B69BF7D22C}.Release|Any CPU.Build.0 = Release|Any CPU
		{91B385F4-4B98-4A5A-BE58-50B69BF7D22C}.Release|x64.ActiveCfg = Release|Any CPU
		{91B385F4-4B98-4A5A-BE58-50B69BF7D22C}.Release|x64.Build.0 = Release|Any CPU
		{91B385F4-4B98-4A5A-BE58-50B69BF7D22C}.Release|x86.ActiveCfg = Release|Any CPU
		{91B385F4-4B98-4A5A-BE58-50B69BF7D22C}.Release|x86.Build.0 = Release|Any CPU
		{F576A095-14CE-455F-A51B-EE0F4642EED9}.Debug|Any CPU.ActiveCfg = Debug|Any CPU
		{F576A095-14CE-455F-A51B-EE0F4642EED9}.Debug|Any CPU.Build.0 = Debug|Any CPU
		{F576A095-14CE-455F-A51B-EE0F4642EED9}.Debug|x64.ActiveCfg = Debug|Any CPU
		{F576A095-14CE-455F-A51B-EE0F4642EED9}.Debug|x64.Build.0 = Debug|Any CPU
		{F576A095-14CE-455F-A51B-EE0F4642EED9}.Debug|x86.ActiveCfg = Debug|Any CPU
		{F576A095-14CE-455F-A51B-EE0F4642EED9}.Debug|x86.Build.0 = Debug|Any CPU
		{F576A095-14CE-455F-A51B-EE0F4642EED9}.Release|Any CPU.ActiveCfg = Release|Any CPU
		{F576A095-14CE-455F-A51B-EE0F4642EED9}.Release|Any CPU.Build.0 = Release|Any CPU
		{F576A095-14CE-455F-A51B-EE0F4642EED9}.Release|x64.ActiveCfg = Release|Any CPU
		{F576A095-14CE-455F-A51B-EE0F4642EED9}.Release|x64.Build.0 = Release|Any CPU
		{F576A095-14CE-455F-A51B-EE0F4642EED9}.Release|x86.ActiveCfg = Release|Any CPU
		{F576A095-14CE-455F-A51B-EE0F4642EED9}.Release|x86.Build.0 = Release|Any CPU
		{180B522B-1EEF-402D-89DA-B89ED8638C11}.Debug|Any CPU.ActiveCfg = Debug|Any CPU
		{180B522B-1EEF-402D-89DA-B89ED8638C11}.Debug|Any CPU.Build.0 = Debug|Any CPU
		{180B522B-1EEF-402D-89DA-B89ED8638C11}.Debug|x64.ActiveCfg = Debug|Any CPU
		{180B522B-1EEF-402D-89DA-B89ED8638C11}.Debug|x64.Build.0 = Debug|Any CPU
		{180B522B-1EEF-402D-89DA-B89ED8638C11}.Debug|x86.ActiveCfg = Debug|Any CPU
		{180B522B-1EEF-402D-89DA-B89ED8638C11}.Debug|x86.Build.0 = Debug|Any CPU
		{180B522B-1EEF-402D-89DA-B89ED8638C11}.Release|Any CPU.ActiveCfg = Release|Any CPU
		{180B522B-1EEF-402D-89DA-B89ED8638C11}.Release|Any CPU.Build.0 = Release|Any CPU
		{180B522B-1EEF-402D-89DA-B89ED8638C11}.Release|x64.ActiveCfg = Release|Any CPU
		{180B522B-1EEF-402D-89DA-B89ED8638C11}.Release|x64.Build.0 = Release|Any CPU
		{180B522B-1EEF-402D-89DA-B89ED8638C11}.Release|x86.ActiveCfg = Release|Any CPU
		{180B522B-1EEF-402D-89DA-B89ED8638C11}.Release|x86.Build.0 = Release|Any CPU
		{2D742E63-937E-4398-B64A-025F7E5F6A7F}.Debug|Any CPU.ActiveCfg = Debug|Any CPU
		{2D742E63-937E-4398-B64A-025F7E5F6A7F}.Debug|Any CPU.Build.0 = Debug|Any CPU
		{2D742E63-937E-4398-B64A-025F7E5F6A7F}.Debug|x64.ActiveCfg = Debug|Any CPU
		{2D742E63-937E-4398-B64A-025F7E5F6A7F}.Debug|x64.Build.0 = Debug|Any CPU
		{2D742E63-937E-4398-B64A-025F7E5F6A7F}.Debug|x86.ActiveCfg = Debug|Any CPU
		{2D742E63-937E-4398-B64A-025F7E5F6A7F}.Debug|x86.Build.0 = Debug|Any CPU
		{2D742E63-937E-4398-B64A-025F7E5F6A7F}.Release|Any CPU.ActiveCfg = Release|Any CPU
		{2D742E63-937E-4398-B64A-025F7E5F6A7F}.Release|Any CPU.Build.0 = Release|Any CPU
		{2D742E63-937E-4398-B64A-025F7E5F6A7F}.Release|x64.ActiveCfg = Release|Any CPU
		{2D742E63-937E-4398-B64A-025F7E5F6A7F}.Release|x64.Build.0 = Release|Any CPU
		{2D742E63-937E-4398-B64A-025F7E5F6A7F}.Release|x86.ActiveCfg = Release|Any CPU
		{2D742E63-937E-4398-B64A-025F7E5F6A7F}.Release|x86.Build.0 = Release|Any CPU
		{BAFB7EAE-1980-4D2D-B524-F1E2276C091D}.Debug|Any CPU.ActiveCfg = Debug|Any CPU
		{BAFB7EAE-1980-4D2D-B524-F1E2276C091D}.Debug|Any CPU.Build.0 = Debug|Any CPU
		{BAFB7EAE-1980-4D2D-B524-F1E2276C091D}.Debug|x64.ActiveCfg = Debug|Any CPU
		{BAFB7EAE-1980-4D2D-B524-F1E2276C091D}.Debug|x64.Build.0 = Debug|Any CPU
		{BAFB7EAE-1980-4D2D-B524-F1E2276C091D}.Debug|x86.ActiveCfg = Debug|Any CPU
		{BAFB7EAE-1980-4D2D-B524-F1E2276C091D}.Debug|x86.Build.0 = Debug|Any CPU
		{BAFB7EAE-1980-4D2D-B524-F1E2276C091D}.Release|Any CPU.ActiveCfg = Release|Any CPU
		{BAFB7EAE-1980-4D2D-B524-F1E2276C091D}.Release|Any CPU.Build.0 = Release|Any CPU
		{BAFB7EAE-1980-4D2D-B524-F1E2276C091D}.Release|x64.ActiveCfg = Release|Any CPU
		{BAFB7EAE-1980-4D2D-B524-F1E2276C091D}.Release|x64.Build.0 = Release|Any CPU
		{BAFB7EAE-1980-4D2D-B524-F1E2276C091D}.Release|x86.ActiveCfg = Release|Any CPU
		{BAFB7EAE-1980-4D2D-B524-F1E2276C091D}.Release|x86.Build.0 = Release|Any CPU
		{25016D5F-711C-4969-9BD9-C1279AC252CE}.Debug|Any CPU.ActiveCfg = Debug|Any CPU
		{25016D5F-711C-4969-9BD9-C1279AC252CE}.Debug|Any CPU.Build.0 = Debug|Any CPU
		{25016D5F-711C-4969-9BD9-C1279AC252CE}.Debug|x64.ActiveCfg = Debug|Any CPU
		{25016D5F-711C-4969-9BD9-C1279AC252CE}.Debug|x64.Build.0 = Debug|Any CPU
		{25016D5F-711C-4969-9BD9-C1279AC252CE}.Debug|x86.ActiveCfg = Debug|Any CPU
		{25016D5F-711C-4969-9BD9-C1279AC252CE}.Debug|x86.Build.0 = Debug|Any CPU
		{25016D5F-711C-4969-9BD9-C1279AC252CE}.Release|Any CPU.ActiveCfg = Release|Any CPU
		{25016D5F-711C-4969-9BD9-C1279AC252CE}.Release|Any CPU.Build.0 = Release|Any CPU
		{25016D5F-711C-4969-9BD9-C1279AC252CE}.Release|x64.ActiveCfg = Release|Any CPU
		{25016D5F-711C-4969-9BD9-C1279AC252CE}.Release|x64.Build.0 = Release|Any CPU
		{25016D5F-711C-4969-9BD9-C1279AC252CE}.Release|x86.ActiveCfg = Release|Any CPU
		{25016D5F-711C-4969-9BD9-C1279AC252CE}.Release|x86.Build.0 = Release|Any CPU
		{AAD62EB6-7652-45EF-8A33-DA587D0CD8C1}.Debug|Any CPU.ActiveCfg = Debug|Any CPU
		{AAD62EB6-7652-45EF-8A33-DA587D0CD8C1}.Debug|Any CPU.Build.0 = Debug|Any CPU
		{AAD62EB6-7652-45EF-8A33-DA587D0CD8C1}.Debug|x64.ActiveCfg = Debug|Any CPU
		{AAD62EB6-7652-45EF-8A33-DA587D0CD8C1}.Debug|x64.Build.0 = Debug|Any CPU
		{AAD62EB6-7652-45EF-8A33-DA587D0CD8C1}.Debug|x86.ActiveCfg = Debug|Any CPU
		{AAD62EB6-7652-45EF-8A33-DA587D0CD8C1}.Debug|x86.Build.0 = Debug|Any CPU
		{AAD62EB6-7652-45EF-8A33-DA587D0CD8C1}.Release|Any CPU.ActiveCfg = Release|Any CPU
		{AAD62EB6-7652-45EF-8A33-DA587D0CD8C1}.Release|Any CPU.Build.0 = Release|Any CPU
		{AAD62EB6-7652-45EF-8A33-DA587D0CD8C1}.Release|x64.ActiveCfg = Release|Any CPU
		{AAD62EB6-7652-45EF-8A33-DA587D0CD8C1}.Release|x64.Build.0 = Release|Any CPU
		{AAD62EB6-7652-45EF-8A33-DA587D0CD8C1}.Release|x86.ActiveCfg = Release|Any CPU
		{AAD62EB6-7652-45EF-8A33-DA587D0CD8C1}.Release|x86.Build.0 = Release|Any CPU
		{FB54D0FC-4784-4F1F-A7D2-F658ED1A68BC}.Debug|Any CPU.ActiveCfg = Debug|Any CPU
		{FB54D0FC-4784-4F1F-A7D2-F658ED1A68BC}.Debug|Any CPU.Build.0 = Debug|Any CPU
		{FB54D0FC-4784-4F1F-A7D2-F658ED1A68BC}.Debug|x64.ActiveCfg = Debug|Any CPU
		{FB54D0FC-4784-4F1F-A7D2-F658ED1A68BC}.Debug|x64.Build.0 = Debug|Any CPU
		{FB54D0FC-4784-4F1F-A7D2-F658ED1A68BC}.Debug|x86.ActiveCfg = Debug|Any CPU
		{FB54D0FC-4784-4F1F-A7D2-F658ED1A68BC}.Debug|x86.Build.0 = Debug|Any CPU
		{FB54D0FC-4784-4F1F-A7D2-F658ED1A68BC}.Release|Any CPU.ActiveCfg = Release|Any CPU
		{FB54D0FC-4784-4F1F-A7D2-F658ED1A68BC}.Release|Any CPU.Build.0 = Release|Any CPU
		{FB54D0FC-4784-4F1F-A7D2-F658ED1A68BC}.Release|x64.ActiveCfg = Release|Any CPU
		{FB54D0FC-4784-4F1F-A7D2-F658ED1A68BC}.Release|x64.Build.0 = Release|Any CPU
		{FB54D0FC-4784-4F1F-A7D2-F658ED1A68BC}.Release|x86.ActiveCfg = Release|Any CPU
		{FB54D0FC-4784-4F1F-A7D2-F658ED1A68BC}.Release|x86.Build.0 = Release|Any CPU
		{718C466C-BDCF-4CBB-9666-6997BBA3F3E8}.Debug|Any CPU.ActiveCfg = Debug|Any CPU
		{718C466C-BDCF-4CBB-9666-6997BBA3F3E8}.Debug|Any CPU.Build.0 = Debug|Any CPU
		{718C466C-BDCF-4CBB-9666-6997BBA3F3E8}.Debug|x64.ActiveCfg = Debug|Any CPU
		{718C466C-BDCF-4CBB-9666-6997BBA3F3E8}.Debug|x64.Build.0 = Debug|Any CPU
		{718C466C-BDCF-4CBB-9666-6997BBA3F3E8}.Debug|x86.ActiveCfg = Debug|Any CPU
		{718C466C-BDCF-4CBB-9666-6997BBA3F3E8}.Debug|x86.Build.0 = Debug|Any CPU
		{718C466C-BDCF-4CBB-9666-6997BBA3F3E8}.Release|Any CPU.ActiveCfg = Release|Any CPU
		{718C466C-BDCF-4CBB-9666-6997BBA3F3E8}.Release|Any CPU.Build.0 = Release|Any CPU
		{718C466C-BDCF-4CBB-9666-6997BBA3F3E8}.Release|x64.ActiveCfg = Release|Any CPU
		{718C466C-BDCF-4CBB-9666-6997BBA3F3E8}.Release|x64.Build.0 = Release|Any CPU
		{718C466C-BDCF-4CBB-9666-6997BBA3F3E8}.Release|x86.ActiveCfg = Release|Any CPU
		{718C466C-BDCF-4CBB-9666-6997BBA3F3E8}.Release|x86.Build.0 = Release|Any CPU
	EndGlobalSection
	GlobalSection(SolutionProperties) = preSolution
		HideSolutionNode = FALSE
	EndGlobalSection
	GlobalSection(NestedProjects) = preSolution
		{380029DA-00EF-94D3-77BC-B2729CF5AAD7} = {827E0CD3-B72D-47B6-A68D-7590B98EB39B}
		{1AB1AFFE-8BA1-4F3D-B9AF-11B160D09370} = {380029DA-00EF-94D3-77BC-B2729CF5AAD7}
		{DBFA8D29-83B0-4951-9BAD-0AB42C77D92D} = {380029DA-00EF-94D3-77BC-B2729CF5AAD7}
		{8D950114-11CF-4CCC-B9B3-50351E0D8767} = {380029DA-00EF-94D3-77BC-B2729CF5AAD7}
		{05E6E2C2-923F-4A92-9339-FE5421D3AD9A} = {380029DA-00EF-94D3-77BC-B2729CF5AAD7}
		{20456F84-CFC1-41DB-9EF2-D27E27EC07CD} = {380029DA-00EF-94D3-77BC-B2729CF5AAD7}
		{5B7800DA-4F27-D549-7B13-D06F33AE47BF} = {827E0CD3-B72D-47B6-A68D-7590B98EB39B}
		{F33E7A92-2B10-4216-83B2-C74654B9696C} = {5B7800DA-4F27-D549-7B13-D06F33AE47BF}
		{711EDB6F-5B8F-4670-87C2-0E7C11095170} = {5B7800DA-4F27-D549-7B13-D06F33AE47BF}
		{7E2F462B-9DFA-4BBB-A9F2-B4308558750A} = {5B7800DA-4F27-D549-7B13-D06F33AE47BF}
		{542CD034-535F-4455-80C1-59A99DFB3663} = {5B7800DA-4F27-D549-7B13-D06F33AE47BF}
		{7236E7DC-8980-40C3-B51A-D446053095BC} = {5B7800DA-4F27-D549-7B13-D06F33AE47BF}
		{8D35EFEC-78C4-8934-F699-CDC21DCDF895} = {827E0CD3-B72D-47B6-A68D-7590B98EB39B}
		{91B385F4-4B98-4A5A-BE58-50B69BF7D22C} = {8D35EFEC-78C4-8934-F699-CDC21DCDF895}
		{F576A095-14CE-455F-A51B-EE0F4642EED9} = {8D35EFEC-78C4-8934-F699-CDC21DCDF895}
		{180B522B-1EEF-402D-89DA-B89ED8638C11} = {8D35EFEC-78C4-8934-F699-CDC21DCDF895}
		{2D742E63-937E-4398-B64A-025F7E5F6A7F} = {8D35EFEC-78C4-8934-F699-CDC21DCDF895}
		{BAFB7EAE-1980-4D2D-B524-F1E2276C091D} = {8D35EFEC-78C4-8934-F699-CDC21DCDF895}
		{394A81D9-3C45-9818-BB26-23F2B85056FF} = {0AB3BF05-4346-4AA6-1389-037BE0695223}
		{741370D9-2E7F-1830-5789-49ED45D9F7CA} = {394A81D9-3C45-9818-BB26-23F2B85056FF}
		{25016D5F-711C-4969-9BD9-C1279AC252CE} = {741370D9-2E7F-1830-5789-49ED45D9F7CA}
		{1A19C1DE-3FAE-22B4-DD2C-C1731015F63D} = {394A81D9-3C45-9818-BB26-23F2B85056FF}
		{AAD62EB6-7652-45EF-8A33-DA587D0CD8C1} = {1A19C1DE-3FAE-22B4-DD2C-C1731015F63D}
		{FB54D0FC-4784-4F1F-A7D2-F658ED1A68BC} = {1A19C1DE-3FAE-22B4-DD2C-C1731015F63D}
		{D96E2E9A-022C-CA06-F493-FB26D64F63BC} = {394A81D9-3C45-9818-BB26-23F2B85056FF}
		{718C466C-BDCF-4CBB-9666-6997BBA3F3E8} = {D96E2E9A-022C-CA06-F493-FB26D64F63BC}
	EndGlobalSection
EndGlobal
