
Microsoft Visual Studio Solution File, Format Version 12.00
# Visual Studio Version 17
VisualStudioVersion = 17.0.31903.59
MinimumVisualStudioVersion = 10.0.40219.1
Project("{2150E333-8FDC-42A3-9474-1A3956D46DE8}") = "src", "src", "{827E0CD3-B72D-47B6-A68D-7590B98EB39B}"
EndProject
Project("{2150E333-8FDC-42A3-9474-1A3956D46DE8}") = "Products", "Products", "{5B7800DA-4F27-D549-7B13-D06F33AE47BF}"
EndProject
Project("{FAE04EC0-301F-11D3-BF4B-00C04F79EFBC}") = "Products.Api", "src\Products\Products.Api\Products.Api.csproj", "{2E40531C-D52C-48E3-9098-35B2CADFF292}"
EndProject
Project("{FAE04EC0-301F-11D3-BF4B-00C04F79EFBC}") = "Products.Application", "src\Products\Products.Application\Products.Application.csproj", "{0A58B2D8-8A5D-46E1-9904-3CD15E9837A8}"
EndProject
Project("{FAE04EC0-301F-11D3-BF4B-00C04F79EFBC}") = "Products.Domain", "src\Products\Products.Domain\Products.Domain.csproj", "{0B4E22C1-AE27-42A1-A6F0-D50159FAD7F3}"
EndProject
Project("{FAE04EC0-301F-11D3-BF4B-00C04F79EFBC}") = "Products.Infrastructure", "src\Products\Products.Infrastructure\Products.Infrastructure.csproj", "{34C4D8D5-4235-4AEC-AEBC-612574DB9270}"
EndProject
Project("{FAE04EC0-301F-11D3-BF4B-00C04F79EFBC}") = "Products.Contracts", "src\Products\Products.Contracts\Products.Contracts.csproj", "{416A30F8-A02D-4F59-99FA-616DAAB214EB}"
EndProject
Project("{2150E333-8FDC-42A3-9474-1A3956D46DE8}") = "tests", "tests", "{0AB3BF05-4346-4AA6-1389-037BE0695223}"
EndProject
Project("{2150E333-8FDC-42A3-9474-1A3956D46DE8}") = "UnitTests", "UnitTests", "{394A81D9-3C45-9818-BB26-23F2B85056FF}"
EndProject
Project("{FAE04EC0-301F-11D3-BF4B-00C04F79EFBC}") = "Products.Application.UnitTests", "tests\UnitTests\Products.Application.UnitTests\Products.Application.UnitTests.csproj", "{775C1BE4-AE66-4D16-8F07-5B24C5318221}"
EndProject
Project("{2150E333-8FDC-42A3-9474-1A3956D46DE8}") = "Inventories", "Inventories", "{380029DA-00EF-94D3-77BC-B2729CF5AAD7}"
EndProject
Project("{FAE04EC0-301F-11D3-BF4B-00C04F79EFBC}") = "Inventories.Api", "src\Inventories\Inventories.Api\Inventories.Api.csproj", "{9E57BBCD-E2B1-4BD2-9CBF-F039F229E334}"
EndProject
Project("{FAE04EC0-301F-11D3-BF4B-00C04F79EFBC}") = "Products.Infrastructure.UnitTests", "tests\UnitTests\Products.Infrastructure.UnitTests\Products.Infrastructure.UnitTests.csproj", "{B8B9C252-A369-449A-BD70-88D01485E692}"
EndProject
Project("{FAE04EC0-301F-11D3-BF4B-00C04F79EFBC}") = "Inventories.Domain", "src\Inventories\Inventories.Domain\Inventories.Domain.csproj", "{9A656203-6CB2-4BBC-A277-63C7F8A1E83F}"
EndProject
Project("{FAE04EC0-301F-11D3-BF4B-00C04F79EFBC}") = "Inventories.Infrastructure", "src\Inventories\Inventories.Infrastructure\Inventories.Infrastructure.csproj", "{18C87F08-40DE-49BE-B04E-85576D1F55C4}"
EndProject
Project("{FAE04EC0-301F-11D3-BF4B-00C04F79EFBC}") = "Inventories.Application", "src\Inventories\Inventories.Application\Inventories.Application.csproj", "{714AFE18-68FC-4CF2-B50D-353C008C2C5B}"
EndProject
Project("{FAE04EC0-301F-11D3-BF4B-00C04F79EFBC}") = "Inventories.Contracts", "src\Inventories\Inventories.Contracts\Inventories.Contracts.csproj", "{AAFD68BF-9032-46B0-B8FF-6383F089EA70}"
EndProject
Project("{2150E333-8FDC-42A3-9474-1A3956D46DE8}") = "Inventories", "Inventories", "{741370D9-2E7F-1830-5789-49ED45D9F7CA}"
EndProject
Project("{FAE04EC0-301F-11D3-BF4B-00C04F79EFBC}") = "Inventories.Application.UnitTests", "tests\UnitTests\Inventories\Inventories.Application.UnitTests\Inventories.Application.UnitTests.csproj", "{7B4FC049-CE3B-4953-A3BA-DDCBF3260EC2}"
EndProject
Project("{2150E333-8FDC-42A3-9474-1A3956D46DE8}") = "Users", "Users", "{8D35EFEC-78C4-8934-F699-CDC21DCDF895}"
EndProject
Project("{FAE04EC0-301F-11D3-BF4B-00C04F79EFBC}") = "Users.Api", "src\Users\Users.Api\Users.Api.csproj", "{5240A30B-A635-4EE0-9ED4-400125437346}"
EndProject
Project("{FAE04EC0-301F-11D3-BF4B-00C04F79EFBC}") = "Users.Application", "src\Users\Users.Application\Users.Application.csproj", "{60BDC13D-737F-4A84-8E09-9C2CA1E37C37}"
EndProject
Project("{FAE04EC0-301F-11D3-BF4B-00C04F79EFBC}") = "Users.Contracts", "src\Users\Users.Contracts\Users.Contracts.csproj", "{BD14558A-B02D-429C-B5AE-C1AB67974AC0}"
EndProject
Project("{FAE04EC0-301F-11D3-BF4B-00C04F79EFBC}") = "Users.Domain", "src\Users\Users.Domain\Users.Domain.csproj", "{4B1961CD-2221-467E-A036-D4A6B42175B3}"
EndProject
Project("{FAE04EC0-301F-11D3-BF4B-00C04F79EFBC}") = "Users.Infrastructure", "src\Users\Users.Infrastructure\Users.Infrastructure.csproj", "{6EA6868A-6237-4D83-A5E5-964121E6EA69}"
EndProject
Project("{2150E333-8FDC-42A3-9474-1A3956D46DE8}") = "Users", "Users", "{D96E2E9A-022C-CA06-F493-FB26D64F63BC}"
EndProject
Project("{FAE04EC0-301F-11D3-BF4B-00C04F79EFBC}") = "Users.Application.UnitTests", "tests\UnitTests\Users\Users.Application.UnitTests\Users.Application.UnitTests.csproj", "{EA440548-4C7A-4857-8583-6C44C6677F38}"
EndProject
Global
	GlobalSection(SolutionConfigurationPlatforms) = preSolution
		Debug|Any CPU = Debug|Any CPU
		Debug|x64 = Debug|x64
		Debug|x86 = Debug|x86
		Release|Any CPU = Release|Any CPU
		Release|x64 = Release|x64
		Release|x86 = Release|x86
	EndGlobalSection
	GlobalSection(ProjectConfigurationPlatforms) = postSolution
		{2E40531C-D52C-48E3-9098-35B2CADFF292}.Debug|Any CPU.ActiveCfg = Debug|Any CPU
		{2E40531C-D52C-48E3-9098-35B2CADFF292}.Debug|Any CPU.Build.0 = Debug|Any CPU
		{2E40531C-D52C-48E3-9098-35B2CADFF292}.Debug|x64.ActiveCfg = Debug|Any CPU
		{2E40531C-D52C-48E3-9098-35B2CADFF292}.Debug|x64.Build.0 = Debug|Any CPU
		{2E40531C-D52C-48E3-9098-35B2CADFF292}.Debug|x86.ActiveCfg = Debug|Any CPU
		{2E40531C-D52C-48E3-9098-35B2CADFF292}.Debug|x86.Build.0 = Debug|Any CPU
		{2E40531C-D52C-48E3-9098-35B2CADFF292}.Release|Any CPU.ActiveCfg = Release|Any CPU
		{2E40531C-D52C-48E3-9098-35B2CADFF292}.Release|Any CPU.Build.0 = Release|Any CPU
		{2E40531C-D52C-48E3-9098-35B2CADFF292}.Release|x64.ActiveCfg = Release|Any CPU
		{2E40531C-D52C-48E3-9098-35B2CADFF292}.Release|x64.Build.0 = Release|Any CPU
		{2E40531C-D52C-48E3-9098-35B2CADFF292}.Release|x86.ActiveCfg = Release|Any CPU
		{2E40531C-D52C-48E3-9098-35B2CADFF292}.Release|x86.Build.0 = Release|Any CPU
		{0A58B2D8-8A5D-46E1-9904-3CD15E9837A8}.Debug|Any CPU.ActiveCfg = Debug|Any CPU
		{0A58B2D8-8A5D-46E1-9904-3CD15E9837A8}.Debug|Any CPU.Build.0 = Debug|Any CPU
		{0A58B2D8-8A5D-46E1-9904-3CD15E9837A8}.Debug|x64.ActiveCfg = Debug|Any CPU
		{0A58B2D8-8A5D-46E1-9904-3CD15E9837A8}.Debug|x64.Build.0 = Debug|Any CPU
		{0A58B2D8-8A5D-46E1-9904-3CD15E9837A8}.Debug|x86.ActiveCfg = Debug|Any CPU
		{0A58B2D8-8A5D-46E1-9904-3CD15E9837A8}.Debug|x86.Build.0 = Debug|Any CPU
		{0A58B2D8-8A5D-46E1-9904-3CD15E9837A8}.Release|Any CPU.ActiveCfg = Release|Any CPU
		{0A58B2D8-8A5D-46E1-9904-3CD15E9837A8}.Release|Any CPU.Build.0 = Release|Any CPU
		{0A58B2D8-8A5D-46E1-9904-3CD15E9837A8}.Release|x64.ActiveCfg = Release|Any CPU
		{0A58B2D8-8A5D-46E1-9904-3CD15E9837A8}.Release|x64.Build.0 = Release|Any CPU
		{0A58B2D8-8A5D-46E1-9904-3CD15E9837A8}.Release|x86.ActiveCfg = Release|Any CPU
		{0A58B2D8-8A5D-46E1-9904-3CD15E9837A8}.Release|x86.Build.0 = Release|Any CPU
		{0B4E22C1-AE27-42A1-A6F0-D50159FAD7F3}.Debug|Any CPU.ActiveCfg = Debug|Any CPU
		{0B4E22C1-AE27-42A1-A6F0-D50159FAD7F3}.Debug|Any CPU.Build.0 = Debug|Any CPU
		{0B4E22C1-AE27-42A1-A6F0-D50159FAD7F3}.Debug|x64.ActiveCfg = Debug|Any CPU
		{0B4E22C1-AE27-42A1-A6F0-D50159FAD7F3}.Debug|x64.Build.0 = Debug|Any CPU
		{0B4E22C1-AE27-42A1-A6F0-D50159FAD7F3}.Debug|x86.ActiveCfg = Debug|Any CPU
		{0B4E22C1-AE27-42A1-A6F0-D50159FAD7F3}.Debug|x86.Build.0 = Debug|Any CPU
		{0B4E22C1-AE27-42A1-A6F0-D50159FAD7F3}.Release|Any CPU.ActiveCfg = Release|Any CPU
		{0B4E22C1-AE27-42A1-A6F0-D50159FAD7F3}.Release|Any CPU.Build.0 = Release|Any CPU
		{0B4E22C1-AE27-42A1-A6F0-D50159FAD7F3}.Release|x64.ActiveCfg = Release|Any CPU
		{0B4E22C1-AE27-42A1-A6F0-D50159FAD7F3}.Release|x64.Build.0 = Release|Any CPU
		{0B4E22C1-AE27-42A1-A6F0-D50159FAD7F3}.Release|x86.ActiveCfg = Release|Any CPU
		{0B4E22C1-AE27-42A1-A6F0-D50159FAD7F3}.Release|x86.Build.0 = Release|Any CPU
		{34C4D8D5-4235-4AEC-AEBC-612574DB9270}.Debug|Any CPU.ActiveCfg = Debug|Any CPU
		{34C4D8D5-4235-4AEC-AEBC-612574DB9270}.Debug|Any CPU.Build.0 = Debug|Any CPU
		{34C4D8D5-4235-4AEC-AEBC-612574DB9270}.Debug|x64.ActiveCfg = Debug|Any CPU
		{34C4D8D5-4235-4AEC-AEBC-612574DB9270}.Debug|x64.Build.0 = Debug|Any CPU
		{34C4D8D5-4235-4AEC-AEBC-612574DB9270}.Debug|x86.ActiveCfg = Debug|Any CPU
		{34C4D8D5-4235-4AEC-AEBC-612574DB9270}.Debug|x86.Build.0 = Debug|Any CPU
		{34C4D8D5-4235-4AEC-AEBC-612574DB9270}.Release|Any CPU.ActiveCfg = Release|Any CPU
		{34C4D8D5-4235-4AEC-AEBC-612574DB9270}.Release|Any CPU.Build.0 = Release|Any CPU
		{34C4D8D5-4235-4AEC-AEBC-612574DB9270}.Release|x64.ActiveCfg = Release|Any CPU
		{34C4D8D5-4235-4AEC-AEBC-612574DB9270}.Release|x64.Build.0 = Release|Any CPU
		{34C4D8D5-4235-4AEC-AEBC-612574DB9270}.Release|x86.ActiveCfg = Release|Any CPU
		{34C4D8D5-4235-4AEC-AEBC-612574DB9270}.Release|x86.Build.0 = Release|Any CPU
		{416A30F8-A02D-4F59-99FA-616DAAB214EB}.Debug|Any CPU.ActiveCfg = Debug|Any CPU
		{416A30F8-A02D-4F59-99FA-616DAAB214EB}.Debug|Any CPU.Build.0 = Debug|Any CPU
		{416A30F8-A02D-4F59-99FA-616DAAB214EB}.Debug|x64.ActiveCfg = Debug|Any CPU
		{416A30F8-A02D-4F59-99FA-616DAAB214EB}.Debug|x64.Build.0 = Debug|Any CPU
		{416A30F8-A02D-4F59-99FA-616DAAB214EB}.Debug|x86.ActiveCfg = Debug|Any CPU
		{416A30F8-A02D-4F59-99FA-616DAAB214EB}.Debug|x86.Build.0 = Debug|Any CPU
		{416A30F8-A02D-4F59-99FA-616DAAB214EB}.Release|Any CPU.ActiveCfg = Release|Any CPU
		{416A30F8-A02D-4F59-99FA-616DAAB214EB}.Release|Any CPU.Build.0 = Release|Any CPU
		{416A30F8-A02D-4F59-99FA-616DAAB214EB}.Release|x64.ActiveCfg = Release|Any CPU
		{416A30F8-A02D-4F59-99FA-616DAAB214EB}.Release|x64.Build.0 = Release|Any CPU
		{416A30F8-A02D-4F59-99FA-616DAAB214EB}.Release|x86.ActiveCfg = Release|Any CPU
		{416A30F8-A02D-4F59-99FA-616DAAB214EB}.Release|x86.Build.0 = Release|Any CPU
		{775C1BE4-AE66-4D16-8F07-5B24C5318221}.Debug|Any CPU.ActiveCfg = Debug|Any CPU
		{775C1BE4-AE66-4D16-8F07-5B24C5318221}.Debug|Any CPU.Build.0 = Debug|Any CPU
		{775C1BE4-AE66-4D16-8F07-5B24C5318221}.Debug|x64.ActiveCfg = Debug|Any CPU
		{775C1BE4-AE66-4D16-8F07-5B24C5318221}.Debug|x64.Build.0 = Debug|Any CPU
		{775C1BE4-AE66-4D16-8F07-5B24C5318221}.Debug|x86.ActiveCfg = Debug|Any CPU
		{775C1BE4-AE66-4D16-8F07-5B24C5318221}.Debug|x86.Build.0 = Debug|Any CPU
		{775C1BE4-AE66-4D16-8F07-5B24C5318221}.Release|Any CPU.ActiveCfg = Release|Any CPU
		{775C1BE4-AE66-4D16-8F07-5B24C5318221}.Release|Any CPU.Build.0 = Release|Any CPU
		{775C1BE4-AE66-4D16-8F07-5B24C5318221}.Release|x64.ActiveCfg = Release|Any CPU
		{775C1BE4-AE66-4D16-8F07-5B24C5318221}.Release|x64.Build.0 = Release|Any CPU
		{775C1BE4-AE66-4D16-8F07-5B24C5318221}.Release|x86.ActiveCfg = Release|Any CPU
		{775C1BE4-AE66-4D16-8F07-5B24C5318221}.Release|x86.Build.0 = Release|Any CPU
		{9E57BBCD-E2B1-4BD2-9CBF-F039F229E334}.Debug|Any CPU.ActiveCfg = Debug|Any CPU
		{9E57BBCD-E2B1-4BD2-9CBF-F039F229E334}.Debug|Any CPU.Build.0 = Debug|Any CPU
		{9E57BBCD-E2B1-4BD2-9CBF-F039F229E334}.Debug|x64.ActiveCfg = Debug|Any CPU
		{9E57BBCD-E2B1-4BD2-9CBF-F039F229E334}.Debug|x64.Build.0 = Debug|Any CPU
		{9E57BBCD-E2B1-4BD2-9CBF-F039F229E334}.Debug|x86.ActiveCfg = Debug|Any CPU
		{9E57BBCD-E2B1-4BD2-9CBF-F039F229E334}.Debug|x86.Build.0 = Debug|Any CPU
		{9E57BBCD-E2B1-4BD2-9CBF-F039F229E334}.Release|Any CPU.ActiveCfg = Release|Any CPU
		{9E57BBCD-E2B1-4BD2-9CBF-F039F229E334}.Release|Any CPU.Build.0 = Release|Any CPU
		{9E57BBCD-E2B1-4BD2-9CBF-F039F229E334}.Release|x64.ActiveCfg = Release|Any CPU
		{9E57BBCD-E2B1-4BD2-9CBF-F039F229E334}.Release|x64.Build.0 = Release|Any CPU
		{9E57BBCD-E2B1-4BD2-9CBF-F039F229E334}.Release|x86.ActiveCfg = Release|Any CPU
		{9E57BBCD-E2B1-4BD2-9CBF-F039F229E334}.Release|x86.Build.0 = Release|Any CPU
		{B8B9C252-A369-449A-BD70-88D01485E692}.Debug|Any CPU.ActiveCfg = Debug|Any CPU
		{B8B9C252-A369-449A-BD70-88D01485E692}.Debug|Any CPU.Build.0 = Debug|Any CPU
		{B8B9C252-A369-449A-BD70-88D01485E692}.Debug|x64.ActiveCfg = Debug|Any CPU
		{B8B9C252-A369-449A-BD70-88D01485E692}.Debug|x64.Build.0 = Debug|Any CPU
		{B8B9C252-A369-449A-BD70-88D01485E692}.Debug|x86.ActiveCfg = Debug|Any CPU
		{B8B9C252-A369-449A-BD70-88D01485E692}.Debug|x86.Build.0 = Debug|Any CPU
		{B8B9C252-A369-449A-BD70-88D01485E692}.Release|Any CPU.ActiveCfg = Release|Any CPU
		{B8B9C252-A369-449A-BD70-88D01485E692}.Release|Any CPU.Build.0 = Release|Any CPU
		{B8B9C252-A369-449A-BD70-88D01485E692}.Release|x64.ActiveCfg = Release|Any CPU
		{B8B9C252-A369-449A-BD70-88D01485E692}.Release|x64.Build.0 = Release|Any CPU
		{B8B9C252-A369-449A-BD70-88D01485E692}.Release|x86.ActiveCfg = Release|Any CPU
		{B8B9C252-A369-449A-BD70-88D01485E692}.Release|x86.Build.0 = Release|Any CPU
		{9A656203-6CB2-4BBC-A277-63C7F8A1E83F}.Debug|Any CPU.ActiveCfg = Debug|Any CPU
		{9A656203-6CB2-4BBC-A277-63C7F8A1E83F}.Debug|Any CPU.Build.0 = Debug|Any CPU
		{9A656203-6CB2-4BBC-A277-63C7F8A1E83F}.Debug|x64.ActiveCfg = Debug|Any CPU
		{9A656203-6CB2-4BBC-A277-63C7F8A1E83F}.Debug|x64.Build.0 = Debug|Any CPU
		{9A656203-6CB2-4BBC-A277-63C7F8A1E83F}.Debug|x86.ActiveCfg = Debug|Any CPU
		{9A656203-6CB2-4BBC-A277-63C7F8A1E83F}.Debug|x86.Build.0 = Debug|Any CPU
		{9A656203-6CB2-4BBC-A277-63C7F8A1E83F}.Release|Any CPU.ActiveCfg = Release|Any CPU
		{9A656203-6CB2-4BBC-A277-63C7F8A1E83F}.Release|Any CPU.Build.0 = Release|Any CPU
		{9A656203-6CB2-4BBC-A277-63C7F8A1E83F}.Release|x64.ActiveCfg = Release|Any CPU
		{9A656203-6CB2-4BBC-A277-63C7F8A1E83F}.Release|x64.Build.0 = Release|Any CPU
		{9A656203-6CB2-4BBC-A277-63C7F8A1E83F}.Release|x86.ActiveCfg = Release|Any CPU
		{9A656203-6CB2-4BBC-A277-63C7F8A1E83F}.Release|x86.Build.0 = Release|Any CPU
		{18C87F08-40DE-49BE-B04E-85576D1F55C4}.Debug|Any CPU.ActiveCfg = Debug|Any CPU
		{18C87F08-40DE-49BE-B04E-85576D1F55C4}.Debug|Any CPU.Build.0 = Debug|Any CPU
		{18C87F08-40DE-49BE-B04E-85576D1F55C4}.Debug|x64.ActiveCfg = Debug|Any CPU
		{18C87F08-40DE-49BE-B04E-85576D1F55C4}.Debug|x64.Build.0 = Debug|Any CPU
		{18C87F08-40DE-49BE-B04E-85576D1F55C4}.Debug|x86.ActiveCfg = Debug|Any CPU
		{18C87F08-40DE-49BE-B04E-85576D1F55C4}.Debug|x86.Build.0 = Debug|Any CPU
		{18C87F08-40DE-49BE-B04E-85576D1F55C4}.Release|Any CPU.ActiveCfg = Release|Any CPU
		{18C87F08-40DE-49BE-B04E-85576D1F55C4}.Release|Any CPU.Build.0 = Release|Any CPU
		{18C87F08-40DE-49BE-B04E-85576D1F55C4}.Release|x64.ActiveCfg = Release|Any CPU
		{18C87F08-40DE-49BE-B04E-85576D1F55C4}.Release|x64.Build.0 = Release|Any CPU
		{18C87F08-40DE-49BE-B04E-85576D1F55C4}.Release|x86.ActiveCfg = Release|Any CPU
		{18C87F08-40DE-49BE-B04E-85576D1F55C4}.Release|x86.Build.0 = Release|Any CPU
		{714AFE18-68FC-4CF2-B50D-353C008C2C5B}.Debug|Any CPU.ActiveCfg = Debug|Any CPU
		{714AFE18-68FC-4CF2-B50D-353C008C2C5B}.Debug|Any CPU.Build.0 = Debug|Any CPU
		{714AFE18-68FC-4CF2-B50D-353C008C2C5B}.Debug|x64.ActiveCfg = Debug|Any CPU
		{714AFE18-68FC-4CF2-B50D-353C008C2C5B}.Debug|x64.Build.0 = Debug|Any CPU
		{714AFE18-68FC-4CF2-B50D-353C008C2C5B}.Debug|x86.ActiveCfg = Debug|Any CPU
		{714AFE18-68FC-4CF2-B50D-353C008C2C5B}.Debug|x86.Build.0 = Debug|Any CPU
		{714AFE18-68FC-4CF2-B50D-353C008C2C5B}.Release|Any CPU.ActiveCfg = Release|Any CPU
		{714AFE18-68FC-4CF2-B50D-353C008C2C5B}.Release|Any CPU.Build.0 = Release|Any CPU
		{714AFE18-68FC-4CF2-B50D-353C008C2C5B}.Release|x64.ActiveCfg = Release|Any CPU
		{714AFE18-68FC-4CF2-B50D-353C008C2C5B}.Release|x64.Build.0 = Release|Any CPU
		{714AFE18-68FC-4CF2-B50D-353C008C2C5B}.Release|x86.ActiveCfg = Release|Any CPU
		{714AFE18-68FC-4CF2-B50D-353C008C2C5B}.Release|x86.Build.0 = Release|Any CPU
		{AAFD68BF-9032-46B0-B8FF-6383F089EA70}.Debug|Any CPU.ActiveCfg = Debug|Any CPU
		{AAFD68BF-9032-46B0-B8FF-6383F089EA70}.Debug|Any CPU.Build.0 = Debug|Any CPU
		{AAFD68BF-9032-46B0-B8FF-6383F089EA70}.Debug|x64.ActiveCfg = Debug|Any CPU
		{AAFD68BF-9032-46B0-B8FF-6383F089EA70}.Debug|x64.Build.0 = Debug|Any CPU
		{AAFD68BF-9032-46B0-B8FF-6383F089EA70}.Debug|x86.ActiveCfg = Debug|Any CPU
		{AAFD68BF-9032-46B0-B8FF-6383F089EA70}.Debug|x86.Build.0 = Debug|Any CPU
		{AAFD68BF-9032-46B0-B8FF-6383F089EA70}.Release|Any CPU.ActiveCfg = Release|Any CPU
		{AAFD68BF-9032-46B0-B8FF-6383F089EA70}.Release|Any CPU.Build.0 = Release|Any CPU
		{AAFD68BF-9032-46B0-B8FF-6383F089EA70}.Release|x64.ActiveCfg = Release|Any CPU
		{AAFD68BF-9032-46B0-B8FF-6383F089EA70}.Release|x64.Build.0 = Release|Any CPU
		{AAFD68BF-9032-46B0-B8FF-6383F089EA70}.Release|x86.ActiveCfg = Release|Any CPU
		{AAFD68BF-9032-46B0-B8FF-6383F089EA70}.Release|x86.Build.0 = Release|Any CPU
		{7B4FC049-CE3B-4953-A3BA-DDCBF3260EC2}.Debug|Any CPU.ActiveCfg = Debug|Any CPU
		{7B4FC049-CE3B-4953-A3BA-DDCBF3260EC2}.Debug|Any CPU.Build.0 = Debug|Any CPU
		{7B4FC049-CE3B-4953-A3BA-DDCBF3260EC2}.Debug|x64.ActiveCfg = Debug|Any CPU
		{7B4FC049-CE3B-4953-A3BA-DDCBF3260EC2}.Debug|x64.Build.0 = Debug|Any CPU
		{7B4FC049-CE3B-4953-A3BA-DDCBF3260EC2}.Debug|x86.ActiveCfg = Debug|Any CPU
		{7B4FC049-CE3B-4953-A3BA-DDCBF3260EC2}.Debug|x86.Build.0 = Debug|Any CPU
		{7B4FC049-CE3B-4953-A3BA-DDCBF3260EC2}.Release|Any CPU.ActiveCfg = Release|Any CPU
		{7B4FC049-CE3B-4953-A3BA-DDCBF3260EC2}.Release|Any CPU.Build.0 = Release|Any CPU
		{7B4FC049-CE3B-4953-A3BA-DDCBF3260EC2}.Release|x64.ActiveCfg = Release|Any CPU
		{7B4FC049-CE3B-4953-A3BA-DDCBF3260EC2}.Release|x64.Build.0 = Release|Any CPU
		{7B4FC049-CE3B-4953-A3BA-DDCBF3260EC2}.Release|x86.ActiveCfg = Release|Any CPU
		{7B4FC049-CE3B-4953-A3BA-DDCBF3260EC2}.Release|x86.Build.0 = Release|Any CPU
		{5240A30B-A635-4EE0-9ED4-400125437346}.Debug|Any CPU.ActiveCfg = Debug|Any CPU
		{5240A30B-A635-4EE0-9ED4-400125437346}.Debug|Any CPU.Build.0 = Debug|Any CPU
		{5240A30B-A635-4EE0-9ED4-400125437346}.Debug|x64.ActiveCfg = Debug|Any CPU
		{5240A30B-A635-4EE0-9ED4-400125437346}.Debug|x64.Build.0 = Debug|Any CPU
		{5240A30B-A635-4EE0-9ED4-400125437346}.Debug|x86.ActiveCfg = Debug|Any CPU
		{5240A30B-A635-4EE0-9ED4-400125437346}.Debug|x86.Build.0 = Debug|Any CPU
		{5240A30B-A635-4EE0-9ED4-400125437346}.Release|Any CPU.ActiveCfg = Release|Any CPU
		{5240A30B-A635-4EE0-9ED4-400125437346}.Release|Any CPU.Build.0 = Release|Any CPU
		{5240A30B-A635-4EE0-9ED4-400125437346}.Release|x64.ActiveCfg = Release|Any CPU
		{5240A30B-A635-4EE0-9ED4-400125437346}.Release|x64.Build.0 = Release|Any CPU
		{5240A30B-A635-4EE0-9ED4-400125437346}.Release|x86.ActiveCfg = Release|Any CPU
		{5240A30B-A635-4EE0-9ED4-400125437346}.Release|x86.Build.0 = Release|Any CPU
		{60BDC13D-737F-4A84-8E09-9C2CA1E37C37}.Debug|Any CPU.ActiveCfg = Debug|Any CPU
		{60BDC13D-737F-4A84-8E09-9C2CA1E37C37}.Debug|Any CPU.Build.0 = Debug|Any CPU
		{60BDC13D-737F-4A84-8E09-9C2CA1E37C37}.Debug|x64.ActiveCfg = Debug|Any CPU
		{60BDC13D-737F-4A84-8E09-9C2CA1E37C37}.Debug|x64.Build.0 = Debug|Any CPU
		{60BDC13D-737F-4A84-8E09-9C2CA1E37C37}.Debug|x86.ActiveCfg = Debug|Any CPU
		{60BDC13D-737F-4A84-8E09-9C2CA1E37C37}.Debug|x86.Build.0 = Debug|Any CPU
		{60BDC13D-737F-4A84-8E09-9C2CA1E37C37}.Release|Any CPU.ActiveCfg = Release|Any CPU
		{60BDC13D-737F-4A84-8E09-9C2CA1E37C37}.Release|Any CPU.Build.0 = Release|Any CPU
		{60BDC13D-737F-4A84-8E09-9C2CA1E37C37}.Release|x64.ActiveCfg = Release|Any CPU
		{60BDC13D-737F-4A84-8E09-9C2CA1E37C37}.Release|x64.Build.0 = Release|Any CPU
		{60BDC13D-737F-4A84-8E09-9C2CA1E37C37}.Release|x86.ActiveCfg = Release|Any CPU
		{60BDC13D-737F-4A84-8E09-9C2CA1E37C37}.Release|x86.Build.0 = Release|Any CPU
		{BD14558A-B02D-429C-B5AE-C1AB67974AC0}.Debug|Any CPU.ActiveCfg = Debug|Any CPU
		{BD14558A-B02D-429C-B5AE-C1AB67974AC0}.Debug|Any CPU.Build.0 = Debug|Any CPU
		{BD14558A-B02D-429C-B5AE-C1AB67974AC0}.Debug|x64.ActiveCfg = Debug|Any CPU
		{BD14558A-B02D-429C-B5AE-C1AB67974AC0}.Debug|x64.Build.0 = Debug|Any CPU
		{BD14558A-B02D-429C-B5AE-C1AB67974AC0}.Debug|x86.ActiveCfg = Debug|Any CPU
		{BD14558A-B02D-429C-B5AE-C1AB67974AC0}.Debug|x86.Build.0 = Debug|Any CPU
		{BD14558A-B02D-429C-B5AE-C1AB67974AC0}.Release|Any CPU.ActiveCfg = Release|Any CPU
		{BD14558A-B02D-429C-B5AE-C1AB67974AC0}.Release|Any CPU.Build.0 = Release|Any CPU
		{BD14558A-B02D-429C-B5AE-C1AB67974AC0}.Release|x64.ActiveCfg = Release|Any CPU
		{BD14558A-B02D-429C-B5AE-C1AB67974AC0}.Release|x64.Build.0 = Release|Any CPU
		{BD14558A-B02D-429C-B5AE-C1AB67974AC0}.Release|x86.ActiveCfg = Release|Any CPU
		{BD14558A-B02D-429C-B5AE-C1AB67974AC0}.Release|x86.Build.0 = Release|Any CPU
		{4B1961CD-2221-467E-A036-D4A6B42175B3}.Debug|Any CPU.ActiveCfg = Debug|Any CPU
		{4B1961CD-2221-467E-A036-D4A6B42175B3}.Debug|Any CPU.Build.0 = Debug|Any CPU
		{4B1961CD-2221-467E-A036-D4A6B42175B3}.Debug|x64.ActiveCfg = Debug|Any CPU
		{4B1961CD-2221-467E-A036-D4A6B42175B3}.Debug|x64.Build.0 = Debug|Any CPU
		{4B1961CD-2221-467E-A036-D4A6B42175B3}.Debug|x86.ActiveCfg = Debug|Any CPU
		{4B1961CD-2221-467E-A036-D4A6B42175B3}.Debug|x86.Build.0 = Debug|Any CPU
		{4B1961CD-2221-467E-A036-D4A6B42175B3}.Release|Any CPU.ActiveCfg = Release|Any CPU
		{4B1961CD-2221-467E-A036-D4A6B42175B3}.Release|Any CPU.Build.0 = Release|Any CPU
		{4B1961CD-2221-467E-A036-D4A6B42175B3}.Release|x64.ActiveCfg = Release|Any CPU
		{4B1961CD-2221-467E-A036-D4A6B42175B3}.Release|x64.Build.0 = Release|Any CPU
		{4B1961CD-2221-467E-A036-D4A6B42175B3}.Release|x86.ActiveCfg = Release|Any CPU
		{4B1961CD-2221-467E-A036-D4A6B42175B3}.Release|x86.Build.0 = Release|Any CPU
		{6EA6868A-6237-4D83-A5E5-964121E6EA69}.Debug|Any CPU.ActiveCfg = Debug|Any CPU
		{6EA6868A-6237-4D83-A5E5-964121E6EA69}.Debug|Any CPU.Build.0 = Debug|Any CPU
		{6EA6868A-6237-4D83-A5E5-964121E6EA69}.Debug|x64.ActiveCfg = Debug|Any CPU
		{6EA6868A-6237-4D83-A5E5-964121E6EA69}.Debug|x64.Build.0 = Debug|Any CPU
		{6EA6868A-6237-4D83-A5E5-964121E6EA69}.Debug|x86.ActiveCfg = Debug|Any CPU
		{6EA6868A-6237-4D83-A5E5-964121E6EA69}.Debug|x86.Build.0 = Debug|Any CPU
		{6EA6868A-6237-4D83-A5E5-964121E6EA69}.Release|Any CPU.ActiveCfg = Release|Any CPU
		{6EA6868A-6237-4D83-A5E5-964121E6EA69}.Release|Any CPU.Build.0 = Release|Any CPU
		{6EA6868A-6237-4D83-A5E5-964121E6EA69}.Release|x64.ActiveCfg = Release|Any CPU
		{6EA6868A-6237-4D83-A5E5-964121E6EA69}.Release|x64.Build.0 = Release|Any CPU
		{6EA6868A-6237-4D83-A5E5-964121E6EA69}.Release|x86.ActiveCfg = Release|Any CPU
		{6EA6868A-6237-4D83-A5E5-964121E6EA69}.Release|x86.Build.0 = Release|Any CPU
		{EA440548-4C7A-4857-8583-6C44C6677F38}.Debug|Any CPU.ActiveCfg = Debug|Any CPU
		{EA440548-4C7A-4857-8583-6C44C6677F38}.Debug|Any CPU.Build.0 = Debug|Any CPU
		{EA440548-4C7A-4857-8583-6C44C6677F38}.Debug|x64.ActiveCfg = Debug|Any CPU
		{EA440548-4C7A-4857-8583-6C44C6677F38}.Debug|x64.Build.0 = Debug|Any CPU
		{EA440548-4C7A-4857-8583-6C44C6677F38}.Debug|x86.ActiveCfg = Debug|Any CPU
		{EA440548-4C7A-4857-8583-6C44C6677F38}.Debug|x86.Build.0 = Debug|Any CPU
		{EA440548-4C7A-4857-8583-6C44C6677F38}.Release|Any CPU.ActiveCfg = Release|Any CPU
		{EA440548-4C7A-4857-8583-6C44C6677F38}.Release|Any CPU.Build.0 = Release|Any CPU
		{EA440548-4C7A-4857-8583-6C44C6677F38}.Release|x64.ActiveCfg = Release|Any CPU
		{EA440548-4C7A-4857-8583-6C44C6677F38}.Release|x64.Build.0 = Release|Any CPU
		{EA440548-4C7A-4857-8583-6C44C6677F38}.Release|x86.ActiveCfg = Release|Any CPU
		{EA440548-4C7A-4857-8583-6C44C6677F38}.Release|x86.Build.0 = Release|Any CPU
	EndGlobalSection
	GlobalSection(SolutionProperties) = preSolution
		HideSolutionNode = FALSE
	EndGlobalSection
	GlobalSection(NestedProjects) = preSolution
		{5B7800DA-4F27-D549-7B13-D06F33AE47BF} = {827E0CD3-B72D-47B6-A68D-7590B98EB39B}
		{2E40531C-D52C-48E3-9098-35B2CADFF292} = {5B7800DA-4F27-D549-7B13-D06F33AE47BF}
		{0A58B2D8-8A5D-46E1-9904-3CD15E9837A8} = {5B7800DA-4F27-D549-7B13-D06F33AE47BF}
		{0B4E22C1-AE27-42A1-A6F0-D50159FAD7F3} = {5B7800DA-4F27-D549-7B13-D06F33AE47BF}
		{34C4D8D5-4235-4AEC-AEBC-612574DB9270} = {5B7800DA-4F27-D549-7B13-D06F33AE47BF}
		{416A30F8-A02D-4F59-99FA-616DAAB214EB} = {5B7800DA-4F27-D549-7B13-D06F33AE47BF}
		{394A81D9-3C45-9818-BB26-23F2B85056FF} = {0AB3BF05-4346-4AA6-1389-037BE0695223}
		{775C1BE4-AE66-4D16-8F07-5B24C5318221} = {394A81D9-3C45-9818-BB26-23F2B85056FF}
		{380029DA-00EF-94D3-77BC-B2729CF5AAD7} = {827E0CD3-B72D-47B6-A68D-7590B98EB39B}
		{9E57BBCD-E2B1-4BD2-9CBF-F039F229E334} = {380029DA-00EF-94D3-77BC-B2729CF5AAD7}
		{B8B9C252-A369-449A-BD70-88D01485E692} = {394A81D9-3C45-9818-BB26-23F2B85056FF}
		{9A656203-6CB2-4BBC-A277-63C7F8A1E83F} = {380029DA-00EF-94D3-77BC-B2729CF5AAD7}
		{18C87F08-40DE-49BE-B04E-85576D1F55C4} = {380029DA-00EF-94D3-77BC-B2729CF5AAD7}
		{714AFE18-68FC-4CF2-B50D-353C008C2C5B} = {380029DA-00EF-94D3-77BC-B2729CF5AAD7}
		{AAFD68BF-9032-46B0-B8FF-6383F089EA70} = {380029DA-00EF-94D3-77BC-B2729CF5AAD7}
		{741370D9-2E7F-1830-5789-49ED45D9F7CA} = {394A81D9-3C45-9818-BB26-23F2B85056FF}
		{7B4FC049-CE3B-4953-A3BA-DDCBF3260EC2} = {741370D9-2E7F-1830-5789-49ED45D9F7CA}
		{8D35EFEC-78C4-8934-F699-CDC21DCDF895} = {827E0CD3-B72D-47B6-A68D-7590B98EB39B}
		{5240A30B-A635-4EE0-9ED4-400125437346} = {8D35EFEC-78C4-8934-F699-CDC21DCDF895}
		{60BDC13D-737F-4A84-8E09-9C2CA1E37C37} = {8D35EFEC-78C4-8934-F699-CDC21DCDF895}
		{BD14558A-B02D-429C-B5AE-C1AB67974AC0} = {8D35EFEC-78C4-8934-F699-CDC21DCDF895}
		{4B1961CD-2221-467E-A036-D4A6B42175B3} = {8D35EFEC-78C4-8934-F699-CDC21DCDF895}
		{6EA6868A-6237-4D83-A5E5-964121E6EA69} = {8D35EFEC-78C4-8934-F699-CDC21DCDF895}
		{D96E2E9A-022C-CA06-F493-FB26D64F63BC} = {394A81D9-3C45-9818-BB26-23F2B85056FF}
		{EA440548-4C7A-4857-8583-6C44C6677F38} = {D96E2E9A-022C-CA06-F493-FB26D64F63BC}
	EndGlobalSection
EndGlobal
